
Microsoft Visual Studio Solution File, Format Version 12.00
# Visual Studio Version 16
VisualStudioVersion = 16.0.29215.179
MinimumVisualStudioVersion = 10.0.40219.1
Project("{9A19103F-16F7-4668-BE54-9A1E7A4F7556}") = "AspNetCore.Backend.Api", "AspNetCore.Backend.Api\AspNetCore.Backend.Api.csproj", "{5871645B-1B7B-45C7-B209-8DD21774F783}"
EndProject
Global
	GlobalSection(SolutionConfigurationPlatforms) = preSolution
		Debug|Any CPU = Debug|Any CPU
		Release|Any CPU = Release|Any CPU
	EndGlobalSection
	GlobalSection(ProjectConfigurationPlatforms) = postSolution
		{5871645B-1B7B-45C7-B209-8DD21774F783}.Debug|Any CPU.ActiveCfg = Debug|Any CPU
		{5871645B-1B7B-45C7-B209-8DD21774F783}.Debug|Any CPU.Build.0 = Debug|Any CPU
		{5871645B-1B7B-45C7-B209-8DD21774F783}.Release|Any CPU.ActiveCfg = Release|Any CPU
		{5871645B-1B7B-45C7-B209-8DD21774F783}.Release|Any CPU.Build.0 = Release|Any CPU
	EndGlobalSection
	GlobalSection(SolutionProperties) = preSolution
		HideSolutionNode = FALSE
	EndGlobalSection
	GlobalSection(ExtensibilityGlobals) = postSolution
		SolutionGuid = {55BDB321-6937-4B19-9900-98D7C180D6C3}
	EndGlobalSection
EndGlobal
